
Microsoft Visual Studio Solution File, Format Version 12.00
# Visual Studio 2012
Project("{FAE04EC0-301F-11D3-BF4B-00C04F79EFBC}") = "TennisScores", "TennisScores\TennisScores.csproj", "{735D5B24-9B0E-4728-9E19-41613FA9F2F5}"
EndProject
Project("{FAE04EC0-301F-11D3-BF4B-00C04F79EFBC}") = "APITests", "APITests\APITests.csproj", "{CC0C7B57-C795-4F7E-82DF-BBA3B83509C3}"
EndProject
Project("{2150E333-8FDC-42A3-9474-1A3956D46DE8}") = ".nuget", ".nuget", "{40316285-22AE-4FE6-BAD0-BD51A0971143}"
	ProjectSection(SolutionItems) = preProject
		.nuget\NuGet.Config = .nuget\NuGet.Config
		.nuget\NuGet.exe = .nuget\NuGet.exe
		.nuget\NuGet.targets = .nuget\NuGet.targets
	EndProjectSection
EndProject
Global
	GlobalSection(SolutionConfigurationPlatforms) = preSolution
		Debug|Any CPU = Debug|Any CPU
		Release|Any CPU = Release|Any CPU
	EndGlobalSection
	GlobalSection(ProjectConfigurationPlatforms) = postSolution
		{735D5B24-9B0E-4728-9E19-41613FA9F2F5}.Debug|Any CPU.ActiveCfg = Debug|Any CPU
		{735D5B24-9B0E-4728-9E19-41613FA9F2F5}.Debug|Any CPU.Build.0 = Debug|Any CPU
		{735D5B24-9B0E-4728-9E19-41613FA9F2F5}.Release|Any CPU.ActiveCfg = Release|Any CPU
		{735D5B24-9B0E-4728-9E19-41613FA9F2F5}.Release|Any CPU.Build.0 = Release|Any CPU
		{CC0C7B57-C795-4F7E-82DF-BBA3B83509C3}.Debug|Any CPU.ActiveCfg = Debug|Any CPU
		{CC0C7B57-C795-4F7E-82DF-BBA3B83509C3}.Debug|Any CPU.Build.0 = Debug|Any CPU
		{CC0C7B57-C795-4F7E-82DF-BBA3B83509C3}.Release|Any CPU.ActiveCfg = Release|Any CPU
		{CC0C7B57-C795-4F7E-82DF-BBA3B83509C3}.Release|Any CPU.Build.0 = Release|Any CPU
	EndGlobalSection
	GlobalSection(SolutionProperties) = preSolution
		HideSolutionNode = FALSE
	EndGlobalSection
EndGlobal
